
Microsoft Visual Studio Solution File, Format Version 12.00
# Visual Studio Version 17
VisualStudioVersion = 17.6.33712.159
MinimumVisualStudioVersion = 10.0.40219.1
Project("{FAE04EC0-301F-11D3-BF4B-00C04F79EFBC}") = "ChallengeApp", "ChallengeApp.csproj", "{7507F3EB-128A-4416-B38B-D000E2DBFF61}"
EndProject
Global
	GlobalSection(SolutionConfigurationPlatforms) = preSolution
		Debug|Any CPU = Debug|Any CPU
		Release|Any CPU = Release|Any CPU
	EndGlobalSection
	GlobalSection(ProjectConfigurationPlatforms) = postSolution
		{7507F3EB-128A-4416-B38B-D000E2DBFF61}.Debug|Any CPU.ActiveCfg = Debug|Any CPU
		{7507F3EB-128A-4416-B38B-D000E2DBFF61}.Debug|Any CPU.Build.0 = Debug|Any CPU
		{7507F3EB-128A-4416-B38B-D000E2DBFF61}.Release|Any CPU.ActiveCfg = Release|Any CPU
		{7507F3EB-128A-4416-B38B-D000E2DBFF61}.Release|Any CPU.Build.0 = Release|Any CPU
	EndGlobalSection
	GlobalSection(SolutionProperties) = preSolution
		HideSolutionNode = FALSE
	EndGlobalSection
	GlobalSection(ExtensibilityGlobals) = postSolution
		SolutionGuid = {F6957580-87F5-4CAB-9154-64DFD4B6C9F1}
	EndGlobalSection
EndGlobal
